{
  "version": 4,
  "terraform_version": "1.5.7",
  "serial": 63,
  "lineage": "5fc3c312-fe3c-4f64-efb1-498d22943f35",
  "outputs": {
    "cluster_endpoint": {
      "value": "https://4E96557C771251821EBF61DED040EF98.gr7.us-east-1.eks.amazonaws.com",
      "type": "string"
    },
    "cluster_name": {
      "value": "demo-eks",
      "type": "string"
    },
    "cluster_security_group_id": {
      "value": "sg-0df4dfd772b0f5155",
      "type": "string"
    },
    "kubectl_config_command": {
      "value": "aws eks update-kubeconfig --region us-east-1 --name demo-eks",
      "type": "string"
    },
    "node_group_name": {
      "value": "demo-node-group",
      "type": "string"
    },
    "node_group_status": {
      "value": "ACTIVE",
      "type": "string"
    },
    "vpc_id": {
      "value": "vpc-00de5fd61d0ad05a1",
      "type": "string"
    }
  },
  "resources": [
    {
      "mode": "managed",
      "type": "aws_eks_cluster",
      "name": "eks",
      "provider": "provider[\"registry.terraform.io/hashicorp/aws\"]",
      "instances": [
        {
          "schema_version": 1,
          "attributes": {
            "access_config": [
              {
                "authentication_mode": "CONFIG_MAP",
                "bootstrap_cluster_creator_admin_permissions": true
              }
            ],
            "arn": "arn:aws:eks:us-east-1:014709138691:cluster/demo-eks",
            "bootstrap_self_managed_addons": true,
            "certificate_authority": [
              {
                "data": "LS0tLS1CRUdJTiBDRVJUSUZJQ0FURS0tLS0tCk1JSURCVENDQWUyZ0F3SUJBZ0lJUHlXYjFwN2V4aG93RFFZSktvWklodmNOQVFFTEJRQXdGVEVUTUJFR0ExVUUKQXhNS2EzVmlaWEp1WlhSbGN6QWVGdzB5TlRBMU1ETXhOak0xTURWYUZ3MHpOVEExTURFeE5qUXdNRFZhTUJVeApFekFSQmdOVkJBTVRDbXQxWW1WeWJtVjBaWE13Z2dFaU1BMEdDU3FHU0liM0RRRUJBUVVBQTRJQkR3QXdnZ0VLCkFvSUJBUUNmTDVRNDBySVdIVlJHZHMwUy9xdFZSK1ArV0d4TlJ2WFB1YU41K2F6QVBsRDlZQUdKTWlTeUsybDUKendJZFR6SE1kbjJ3Z0NySzhVWThsTEtlZnlYUU5YbkRKems2VFhqNXZiOWl0NytwQ0pIS25VTjBuVlVxUWsyQwpkWlJSSkEyTW5MUmloL0IxQWc3L0FYYU16dU5pekR6THNMeDJlRDB4OW03WCtERk9sRVd5cnp6K0NUdnZ1Y2tXCk5sZ0JyVHE5b2pxbGhRWGFuOW4zenpzMDJvWlVkaFBsOGU4eEdrSkw3VHdxdVdSMkNPQVdvR2FoYmtLa0tyY0cKNXUrYzVYT3ludzBHeWphWXluWEVOcXNuaytwcXJPbnFVNit5Z2IrUTVKQS8vQ1JQczg2M3BsR1V1dnBtRFhZMwpRNnlkN0VIWFJyQmRpWXhCTWd6RGZOQ0RvSUY1QWdNQkFBR2pXVEJYTUE0R0ExVWREd0VCL3dRRUF3SUNwREFQCkJnTlZIUk1CQWY4RUJUQURBUUgvTUIwR0ExVWREZ1FXQkJUZGljdTFxWW41VWNMa3RMd3VZa04zNFJ2RHFUQVYKQmdOVkhSRUVEakFNZ2dwcmRXSmxjbTVsZEdWek1BMEdDU3FHU0liM0RRRUJDd1VBQTRJQkFRQnRtcnB4SEVDUAplOFFrUmUwK1dSZ2MrS0FDczkxOGRmVDAyNXRkbDAzZzVOTkNpKzVndnhvb1hYbFhBNmRqRnR5dkZOQjY1YkZtCmRZMGRYNkxPRFIycW1tdWFJajJYUjV2bUpVQ0Nsb2ZBTEY2M2V4V0dWU2MvNmVVSHZza202WnBWWXhvSE4waTMKOTVVcThVVFNDcUtsUkJHZW9rU2tLQTgwclNKN2JkWitKVElRcTl6YmQ4MCtlbFlsK1kyQ3hudWNWSnJXaThYWQppUW05ZlhESVIyeXNVWnNYZjJPNmtVRk9OUTNRbkoraWdNZHA1M2QvODdQak5VbWdLb1kvNExKT3NIVlpRM0tWCmMwN1lSc1hVK0xlMU5XK093c0gyTW5EMm5XQ1Voai80dEN3Q1pOUVY1Ykt0U0VzNXJHcllwbmtYalRnTkRobFEKczJTY2hQWGdWbnB2Ci0tLS0tRU5EIENFUlRJRklDQVRFLS0tLS0K"
              }
            ],
            "cluster_id": null,
            "compute_config": [],
            "created_at": "2025-05-03T16:35:38Z",
            "enabled_cluster_log_types": null,
            "encryption_config": [],
            "endpoint": "https://4E96557C771251821EBF61DED040EF98.gr7.us-east-1.eks.amazonaws.com",
            "force_update_version": null,
            "id": "demo-eks",
            "identity": [
              {
                "oidc": [
                  {
                    "issuer": "https://oidc.eks.us-east-1.amazonaws.com/id/4E96557C771251821EBF61DED040EF98"
                  }
                ]
              }
            ],
            "kubernetes_network_config": [
              {
                "elastic_load_balancing": [
                  {
                    "enabled": false
                  }
                ],
                "ip_family": "ipv4",
                "service_ipv4_cidr": "172.20.0.0/16",
                "service_ipv6_cidr": ""
              }
            ],
            "name": "demo-eks",
            "outpost_config": [],
            "platform_version": "eks.9",
            "remote_network_config": [],
            "role_arn": "arn:aws:iam::014709138691:role/demo-eks-cluster-role",
            "status": "ACTIVE",
            "storage_config": [],
            "tags": {
              "Environment": "demo",
              "ManagedBy": "terraform"
            },
            "tags_all": {
              "Environment": "demo",
              "ManagedBy": "terraform"
            },
            "timeouts": {
              "create": "30m",
              "delete": "30m",
              "update": "30m"
            },
            "upgrade_policy": [
              {
                "support_type": "EXTENDED"
              }
            ],
            "version": "1.32",
            "vpc_config": [
              {
                "cluster_security_group_id": "sg-0499a7a7f3293e3d8",
                "endpoint_private_access": true,
                "endpoint_public_access": true,
                "public_access_cidrs": [
                  "0.0.0.0/0"
                ],
                "security_group_ids": [
                  "sg-0df4dfd772b0f5155"
                ],
                "subnet_ids": [
                  "subnet-02fe46ef23cf2b0cf",
                  "subnet-077525ef19ccf4a47"
                ],
                "vpc_id": "vpc-00de5fd61d0ad05a1"
              }
            ],
            "zonal_shift_config": []
          },
          "sensitive_attributes": [],
          "private": "eyJlMmJmYjczMC1lY2FhLTExZTYtOGY4OC0zNDM2M2JjN2M0YzAiOnsiY3JlYXRlIjoxODAwMDAwMDAwMDAwLCJkZWxldGUiOjE4MDAwMDAwMDAwMDAsInVwZGF0ZSI6MTgwMDAwMDAwMDAwMH0sInNjaGVtYV92ZXJzaW9uIjoiMSJ9",
          "dependencies": [
            "aws_iam_role.eks_cluster_role",
            "aws_iam_role_policy_attachment.eks_cluster_AmazonEKSClusterPolicy",
            "aws_internet_gateway.igw",
            "aws_security_group.eks_cluster",
            "aws_subnet.subnet_a",
            "aws_subnet.subnet_b",
            "aws_vpc.eks_vpc"
          ]
        }
      ]
    },
    {
      "mode": "managed",
      "type": "aws_eks_node_group",
      "name": "node_group",
      "provider": "provider[\"registry.terraform.io/hashicorp/aws\"]",
      "instances": [
        {
          "schema_version": 0,
          "attributes": {
            "ami_type": "AL2023_x86_64_STANDARD",
            "arn": "arn:aws:eks:us-east-1:014709138691:nodegroup/demo-eks/demo-node-group/36cb4b84-848c-3a6f-1cf1-e47cf97b5489",
            "capacity_type": "ON_DEMAND",
            "cluster_name": "demo-eks",
            "disk_size": 20,
            "force_update_version": null,
            "id": "demo-eks:demo-node-group",
            "instance_types": [
              "t3.medium"
            ],
            "labels": null,
            "launch_template": [],
            "node_group_name": "demo-node-group",
            "node_group_name_prefix": "",
            "node_repair_config": [],
            "node_role_arn": "arn:aws:iam::014709138691:role/demo-eks-node-role",
            "release_version": "1.32.3-20250501",
            "remote_access": [],
            "resources": [
              {
                "autoscaling_groups": [
                  {
                    "name": "eks-demo-node-group-36cb4b84-848c-3a6f-1cf1-e47cf97b5489"
                  }
                ],
                "remote_access_security_group_id": ""
              }
            ],
            "scaling_config": [
              {
                "desired_size": 2,
                "max_size": 3,
                "min_size": 1
              }
            ],
            "status": "ACTIVE",
            "subnet_ids": [
              "subnet-02fe46ef23cf2b0cf",
              "subnet-077525ef19ccf4a47"
            ],
            "tags": {
              "Environment": "demo",
              "ManagedBy": "terraform",
              "Name": "demo-eks-demo-node-group"
            },
            "tags_all": {
              "Environment": "demo",
              "ManagedBy": "terraform",
              "Name": "demo-eks-demo-node-group"
            },
            "taint": [],
            "timeouts": {
              "create": "30m",
              "delete": "30m",
              "update": "30m"
            },
            "update_config": [
              {
                "max_unavailable": 1,
                "max_unavailable_percentage": 0
              }
            ],
            "version": "1.32"
          },
          "sensitive_attributes": [],
          "private": "eyJlMmJmYjczMC1lY2FhLTExZTYtOGY4OC0zNDM2M2JjN2M0YzAiOnsiY3JlYXRlIjoxODAwMDAwMDAwMDAwLCJkZWxldGUiOjE4MDAwMDAwMDAwMDAsInVwZGF0ZSI6MTgwMDAwMDAwMDAwMH19",
          "dependencies": [
            "aws_eks_cluster.eks",
            "aws_iam_role.eks_cluster_role",
            "aws_iam_role.eks_node_role",
            "aws_iam_role_policy_attachment.eks_cluster_AmazonEKSClusterPolicy",
            "aws_iam_role_policy_attachment.eks_node_AmazonEC2ContainerRegistryReadOnly",
            "aws_iam_role_policy_attachment.eks_node_AmazonEKSWorkerNodePolicy",
            "aws_iam_role_policy_attachment.eks_node_AmazonEKS_CNI_Policy",
            "aws_internet_gateway.igw",
            "aws_security_group.eks_cluster",
            "aws_subnet.subnet_a",
            "aws_subnet.subnet_b",
            "aws_vpc.eks_vpc"
          ]
        }
      ]
    },
    {
      "mode": "managed",
      "type": "aws_iam_role",
      "name": "eks_cluster_role",
      "provider": "provider[\"registry.terraform.io/hashicorp/aws\"]",
      "instances": [
        {
          "schema_version": 0,
          "attributes": {
            "arn": "arn:aws:iam::014709138691:role/demo-eks-cluster-role",
            "assume_role_policy": "{\"Statement\":[{\"Action\":\"sts:AssumeRole\",\"Effect\":\"Allow\",\"Principal\":{\"Service\":\"eks.amazonaws.com\"}}],\"Version\":\"2012-10-17\"}",
            "create_date": "2025-05-03T16:35:05Z",
            "description": "",
            "force_detach_policies": false,
            "id": "demo-eks-cluster-role",
            "inline_policy": [],
            "managed_policy_arns": [],
            "max_session_duration": 3600,
            "name": "demo-eks-cluster-role",
            "name_prefix": "",
            "path": "/",
            "permissions_boundary": "",
            "tags": {
              "Environment": "demo",
              "ManagedBy": "terraform"
            },
            "tags_all": {
              "Environment": "demo",
              "ManagedBy": "terraform"
            },
            "unique_id": "AROAQG3F3UUBYDFDUMV6C"
          },
          "sensitive_attributes": [],
          "private": "bnVsbA=="
        }
      ]
    },
    {
      "mode": "managed",
      "type": "aws_iam_role",
      "name": "eks_node_role",
      "provider": "provider[\"registry.terraform.io/hashicorp/aws\"]",
      "instances": [
        {
          "schema_version": 0,
          "attributes": {
            "arn": "arn:aws:iam::014709138691:role/demo-eks-node-role",
            "assume_role_policy": "{\"Statement\":[{\"Action\":\"sts:AssumeRole\",\"Effect\":\"Allow\",\"Principal\":{\"Service\":\"ec2.amazonaws.com\"}}],\"Version\":\"2012-10-17\"}",
            "create_date": "2025-05-03T16:35:05Z",
            "description": "",
            "force_detach_policies": false,
            "id": "demo-eks-node-role",
            "inline_policy": [],
            "managed_policy_arns": [],
            "max_session_duration": 3600,
            "name": "demo-eks-node-role",
            "name_prefix": "",
            "path": "/",
            "permissions_boundary": "",
            "tags": {
              "Environment": "demo",
              "ManagedBy": "terraform"
            },
            "tags_all": {
              "Environment": "demo",
              "ManagedBy": "terraform"
            },
            "unique_id": "AROAQG3F3UUB2VFA74GKK"
          },
          "sensitive_attributes": [],
          "private": "bnVsbA=="
        }
      ]
    },
    {
      "mode": "managed",
      "type": "aws_iam_role_policy_attachment",
      "name": "eks_cluster_AmazonEKSClusterPolicy",
      "provider": "provider[\"registry.terraform.io/hashicorp/aws\"]",
      "instances": [
        {
          "schema_version": 0,
          "attributes": {
            "id": "demo-eks-cluster-role-20250503163519465500000004",
            "policy_arn": "arn:aws:iam::aws:policy/AmazonEKSClusterPolicy",
            "role": "demo-eks-cluster-role"
          },
          "sensitive_attributes": [],
          "private": "bnVsbA==",
          "dependencies": [
            "aws_iam_role.eks_cluster_role"
          ]
        }
      ]
    },
    {
      "mode": "managed",
      "type": "aws_iam_role_policy_attachment",
      "name": "eks_node_AmazonEC2ContainerRegistryReadOnly",
      "provider": "provider[\"registry.terraform.io/hashicorp/aws\"]",
      "instances": [
        {
          "schema_version": 0,
          "attributes": {
            "id": "demo-eks-node-role-20250503163519228700000003",
            "policy_arn": "arn:aws:iam::aws:policy/AmazonEC2ContainerRegistryReadOnly",
            "role": "demo-eks-node-role"
          },
          "sensitive_attributes": [],
          "private": "bnVsbA==",
          "dependencies": [
            "aws_iam_role.eks_node_role"
          ]
        }
      ]
    },
    {
      "mode": "managed",
      "type": "aws_iam_role_policy_attachment",
      "name": "eks_node_AmazonEKSWorkerNodePolicy",
      "provider": "provider[\"registry.terraform.io/hashicorp/aws\"]",
      "instances": [
        {
          "schema_version": 0,
          "attributes": {
            "id": "demo-eks-node-role-20250503163518939400000001",
            "policy_arn": "arn:aws:iam::aws:policy/AmazonEKSWorkerNodePolicy",
            "role": "demo-eks-node-role"
          },
          "sensitive_attributes": [],
          "private": "bnVsbA==",
          "dependencies": [
            "aws_iam_role.eks_node_role"
          ]
        }
      ]
    },
    {
      "mode": "managed",
      "type": "aws_iam_role_policy_attachment",
      "name": "eks_node_AmazonEKS_CNI_Policy",
      "provider": "provider[\"registry.terraform.io/hashicorp/aws\"]",
      "instances": [
        {
          "schema_version": 0,
          "attributes": {
            "id": "demo-eks-node-role-20250503163519128000000002",
            "policy_arn": "arn:aws:iam::aws:policy/AmazonEKS_CNI_Policy",
            "role": "demo-eks-node-role"
          },
          "sensitive_attributes": [],
          "private": "bnVsbA==",
          "dependencies": [
            "aws_iam_role.eks_node_role"
          ]
        }
      ]
    },
    {
      "mode": "managed",
      "type": "aws_internet_gateway",
      "name": "igw",
      "provider": "provider[\"registry.terraform.io/hashicorp/aws\"]",
      "instances": [
        {
          "schema_version": 0,
          "attributes": {
            "arn": "arn:aws:ec2:us-east-1:014709138691:internet-gateway/igw-0ad269d10ed60712b",
            "id": "igw-0ad269d10ed60712b",
            "owner_id": "014709138691",
            "tags": {
              "Environment": "demo",
              "ManagedBy": "terraform",
              "Name": "demo-eks-igw"
            },
            "tags_all": {
              "Environment": "demo",
              "ManagedBy": "terraform",
              "Name": "demo-eks-igw"
            },
            "timeouts": null,
            "vpc_id": "vpc-00de5fd61d0ad05a1"
          },
          "sensitive_attributes": [],
          "private": "eyJlMmJmYjczMC1lY2FhLTExZTYtOGY4OC0zNDM2M2JjN2M0YzAiOnsiY3JlYXRlIjoxMjAwMDAwMDAwMDAwLCJkZWxldGUiOjEyMDAwMDAwMDAwMDAsInVwZGF0ZSI6MTIwMDAwMDAwMDAwMH19",
          "dependencies": [
            "aws_vpc.eks_vpc"
          ]
        }
      ]
    },
    {
      "mode": "managed",
      "type": "aws_route_table",
      "name": "public",
      "provider": "provider[\"registry.terraform.io/hashicorp/aws\"]",
      "instances": [
        {
          "schema_version": 0,
          "attributes": {
            "arn": "arn:aws:ec2:us-east-1:014709138691:route-table/rtb-0acc7add48d80dd28",
            "id": "rtb-0acc7add48d80dd28",
            "owner_id": "014709138691",
            "propagating_vgws": [],
            "route": [
              {
                "carrier_gateway_id": "",
                "cidr_block": "0.0.0.0/0",
                "core_network_arn": "",
                "destination_prefix_list_id": "",
                "egress_only_gateway_id": "",
                "gateway_id": "igw-0ad269d10ed60712b",
                "ipv6_cidr_block": "",
                "local_gateway_id": "",
                "nat_gateway_id": "",
                "network_interface_id": "",
                "transit_gateway_id": "",
                "vpc_endpoint_id": "",
                "vpc_peering_connection_id": ""
              }
            ],
            "tags": {
              "Environment": "demo",
              "ManagedBy": "terraform",
              "Name": "demo-eks-public-route-table"
            },
            "tags_all": {
              "Environment": "demo",
              "ManagedBy": "terraform",
              "Name": "demo-eks-public-route-table"
            },
            "timeouts": null,
            "vpc_id": "vpc-00de5fd61d0ad05a1"
          },
          "sensitive_attributes": [],
          "private": "eyJlMmJmYjczMC1lY2FhLTExZTYtOGY4OC0zNDM2M2JjN2M0YzAiOnsiY3JlYXRlIjozMDAwMDAwMDAwMDAsImRlbGV0ZSI6MzAwMDAwMDAwMDAwLCJ1cGRhdGUiOjEyMDAwMDAwMDAwMH19",
          "dependencies": [
            "aws_internet_gateway.igw",
            "aws_vpc.eks_vpc"
          ]
        }
      ]
    },
    {
      "mode": "managed",
      "type": "aws_route_table_association",
      "name": "a",
      "provider": "provider[\"registry.terraform.io/hashicorp/aws\"]",
      "instances": [
        {
          "schema_version": 0,
          "attributes": {
            "gateway_id": "",
            "id": "rtbassoc-013c174bcc5b579f9",
            "route_table_id": "rtb-0acc7add48d80dd28",
            "subnet_id": "subnet-02fe46ef23cf2b0cf",
            "timeouts": null
          },
          "sensitive_attributes": [],
          "private": "eyJlMmJmYjczMC1lY2FhLTExZTYtOGY4OC0zNDM2M2JjN2M0YzAiOnsiY3JlYXRlIjozMDAwMDAwMDAwMDAsImRlbGV0ZSI6MzAwMDAwMDAwMDAwLCJ1cGRhdGUiOjEyMDAwMDAwMDAwMH19",
          "dependencies": [
            "aws_internet_gateway.igw",
            "aws_route_table.public",
            "aws_subnet.subnet_a",
            "aws_vpc.eks_vpc"
          ]
        }
      ]
    },
    {
      "mode": "managed",
      "type": "aws_route_table_association",
      "name": "b",
      "provider": "provider[\"registry.terraform.io/hashicorp/aws\"]",
      "instances": [
        {
          "schema_version": 0,
          "attributes": {
            "gateway_id": "",
            "id": "rtbassoc-0e961f31f2528a9f6",
            "route_table_id": "rtb-0acc7add48d80dd28",
            "subnet_id": "subnet-077525ef19ccf4a47",
            "timeouts": null
          },
          "sensitive_attributes": [],
          "private": "eyJlMmJmYjczMC1lY2FhLTExZTYtOGY4OC0zNDM2M2JjN2M0YzAiOnsiY3JlYXRlIjozMDAwMDAwMDAwMDAsImRlbGV0ZSI6MzAwMDAwMDAwMDAwLCJ1cGRhdGUiOjEyMDAwMDAwMDAwMH19",
          "dependencies": [
            "aws_internet_gateway.igw",
            "aws_route_table.public",
            "aws_subnet.subnet_b",
            "aws_vpc.eks_vpc"
          ]
        }
      ]
    },
    {
      "mode": "managed",
      "type": "aws_security_group",
      "name": "eks_cluster",
      "provider": "provider[\"registry.terraform.io/hashicorp/aws\"]",
      "instances": [
        {
          "schema_version": 1,
          "attributes": {
            "arn": "arn:aws:ec2:us-east-1:014709138691:security-group/sg-0df4dfd772b0f5155",
            "description": "Security group for EKS cluster",
            "egress": [
              {
                "cidr_blocks": [
                  "0.0.0.0/0"
                ],
                "description": "",
                "from_port": 0,
                "ipv6_cidr_blocks": [],
                "prefix_list_ids": [],
                "protocol": "-1",
                "security_groups": [],
                "self": false,
                "to_port": 0
              }
            ],
            "id": "sg-0df4dfd772b0f5155",
            "ingress": [],
            "name": "demo-eks-cluster-sg",
            "name_prefix": "",
            "owner_id": "014709138691",
            "revoke_rules_on_delete": false,
            "tags": {
              "Environment": "demo",
              "ManagedBy": "terraform",
              "Name": "demo-eks-cluster-sg"
            },
            "tags_all": {
              "Environment": "demo",
              "ManagedBy": "terraform",
              "Name": "demo-eks-cluster-sg"
            },
            "timeouts": null,
            "vpc_id": "vpc-00de5fd61d0ad05a1"
          },
          "sensitive_attributes": [],
          "private": "eyJlMmJmYjczMC1lY2FhLTExZTYtOGY4OC0zNDM2M2JjN2M0YzAiOnsiY3JlYXRlIjo2MDAwMDAwMDAwMDAsImRlbGV0ZSI6OTAwMDAwMDAwMDAwfSwic2NoZW1hX3ZlcnNpb24iOiIxIn0=",
          "dependencies": [
            "aws_vpc.eks_vpc"
          ]
        }
      ]
    },
    {
      "mode": "managed",
      "type": "aws_security_group",
      "name": "eks_nodes",
      "provider": "provider[\"registry.terraform.io/hashicorp/aws\"]",
      "instances": [
        {
          "schema_version": 1,
          "attributes": {
            "arn": "arn:aws:ec2:us-east-1:014709138691:security-group/sg-0ea69f99cf5ab67f3",
            "description": "Security group for EKS worker nodes",
            "egress": [
              {
                "cidr_blocks": [
                  "0.0.0.0/0"
                ],
                "description": "",
                "from_port": 0,
                "ipv6_cidr_blocks": [],
                "prefix_list_ids": [],
                "protocol": "-1",
                "security_groups": [],
                "self": false,
                "to_port": 0
              }
            ],
            "id": "sg-0ea69f99cf5ab67f3",
            "ingress": [],
            "name": "demo-eks-node-sg",
            "name_prefix": "",
            "owner_id": "014709138691",
            "revoke_rules_on_delete": false,
            "tags": {
              "Environment": "demo",
              "ManagedBy": "terraform",
              "Name": "demo-eks-node-sg",
              "kubernetes.io/cluster/demo-eks": "owned"
            },
            "tags_all": {
              "Environment": "demo",
              "ManagedBy": "terraform",
              "Name": "demo-eks-node-sg",
              "kubernetes.io/cluster/demo-eks": "owned"
            },
            "timeouts": null,
            "vpc_id": "vpc-00de5fd61d0ad05a1"
          },
          "sensitive_attributes": [],
          "private": "eyJlMmJmYjczMC1lY2FhLTExZTYtOGY4OC0zNDM2M2JjN2M0YzAiOnsiY3JlYXRlIjo2MDAwMDAwMDAwMDAsImRlbGV0ZSI6OTAwMDAwMDAwMDAwfSwic2NoZW1hX3ZlcnNpb24iOiIxIn0=",
          "dependencies": [
            "aws_vpc.eks_vpc"
          ]
        }
      ]
    },
    {
      "mode": "managed",
      "type": "aws_security_group_rule",
      "name": "cluster_to_nodes",
      "provider": "provider[\"registry.terraform.io/hashicorp/aws\"]",
      "instances": [
        {
          "schema_version": 2,
          "attributes": {
            "cidr_blocks": null,
            "description": "Allow cluster to communicate with nodes",
            "from_port": 1025,
            "id": "sgrule-2968776415",
            "ipv6_cidr_blocks": null,
            "prefix_list_ids": null,
            "protocol": "tcp",
            "security_group_id": "sg-0ea69f99cf5ab67f3",
            "security_group_rule_id": "sgr-0d9c01c792e156daf",
            "self": false,
            "source_security_group_id": "sg-0df4dfd772b0f5155",
            "timeouts": null,
            "to_port": 65535,
            "type": "ingress"
          },
          "sensitive_attributes": [],
          "private": "eyJlMmJmYjczMC1lY2FhLTExZTYtOGY4OC0zNDM2M2JjN2M0YzAiOnsiY3JlYXRlIjozMDAwMDAwMDAwMDB9LCJzY2hlbWFfdmVyc2lvbiI6IjIifQ==",
          "dependencies": [
            "aws_security_group.eks_cluster",
            "aws_security_group.eks_nodes",
            "aws_vpc.eks_vpc"
          ]
        }
      ]
    },
    {
      "mode": "managed",
      "type": "aws_security_group_rule",
      "name": "nodes_internal",
      "provider": "provider[\"registry.terraform.io/hashicorp/aws\"]",
      "instances": [
        {
          "schema_version": 2,
          "attributes": {
            "cidr_blocks": null,
            "description": "Allow nodes to communicate with each other",
            "from_port": 0,
            "id": "sgrule-492073046",
            "ipv6_cidr_blocks": null,
            "prefix_list_ids": null,
            "protocol": "-1",
            "security_group_id": "sg-0ea69f99cf5ab67f3",
            "security_group_rule_id": "sgr-0701e55a9d36b749f",
            "self": false,
            "source_security_group_id": "sg-0ea69f99cf5ab67f3",
            "timeouts": null,
            "to_port": 65535,
            "type": "ingress"
          },
          "sensitive_attributes": [],
          "private": "eyJlMmJmYjczMC1lY2FhLTExZTYtOGY4OC0zNDM2M2JjN2M0YzAiOnsiY3JlYXRlIjozMDAwMDAwMDAwMDB9LCJzY2hlbWFfdmVyc2lvbiI6IjIifQ==",
          "dependencies": [
            "aws_security_group.eks_nodes",
            "aws_vpc.eks_vpc"
          ]
        }
      ]
    },
    {
      "mode": "managed",
      "type": "aws_security_group_rule",
      "name": "nodes_to_cluster",
      "provider": "provider[\"registry.terraform.io/hashicorp/aws\"]",
      "instances": [
        {
          "schema_version": 2,
          "attributes": {
            "cidr_blocks": null,
            "description": "Allow nodes to communicate with the cluster API Server",
            "from_port": 443,
            "id": "sgrule-3970309670",
            "ipv6_cidr_blocks": null,
            "prefix_list_ids": null,
            "protocol": "tcp",
            "security_group_id": "sg-0df4dfd772b0f5155",
            "security_group_rule_id": "sgr-095ef40a34c7267cc",
            "self": false,
            "source_security_group_id": "sg-0ea69f99cf5ab67f3",
            "timeouts": null,
            "to_port": 443,
            "type": "ingress"
          },
          "sensitive_attributes": [],
          "private": "eyJlMmJmYjczMC1lY2FhLTExZTYtOGY4OC0zNDM2M2JjN2M0YzAiOnsiY3JlYXRlIjozMDAwMDAwMDAwMDB9LCJzY2hlbWFfdmVyc2lvbiI6IjIifQ==",
          "dependencies": [
            "aws_security_group.eks_cluster",
            "aws_security_group.eks_nodes",
            "aws_vpc.eks_vpc"
          ]
        }
      ]
    },
    {
      "mode": "managed",
      "type": "aws_subnet",
      "name": "subnet_a",
      "provider": "provider[\"registry.terraform.io/hashicorp/aws\"]",
      "instances": [
        {
          "schema_version": 1,
          "attributes": {
            "arn": "arn:aws:ec2:us-east-1:014709138691:subnet/subnet-02fe46ef23cf2b0cf",
            "assign_ipv6_address_on_creation": false,
            "availability_zone": "us-east-1a",
            "availability_zone_id": "use1-az6",
            "cidr_block": "10.0.1.0/24",
            "customer_owned_ipv4_pool": "",
            "enable_dns64": false,
            "enable_lni_at_device_index": 0,
            "enable_resource_name_dns_a_record_on_launch": false,
            "enable_resource_name_dns_aaaa_record_on_launch": false,
            "id": "subnet-02fe46ef23cf2b0cf",
            "ipv6_cidr_block": "",
            "ipv6_cidr_block_association_id": "",
            "ipv6_native": false,
            "map_customer_owned_ip_on_launch": false,
            "map_public_ip_on_launch": true,
            "outpost_arn": "",
            "owner_id": "014709138691",
            "private_dns_hostname_type_on_launch": "ip-name",
            "tags": {
              "Environment": "demo",
              "ManagedBy": "terraform",
              "Name": "demo-eks-subnet-a",
              "kubernetes.io/cluster/demo-eks": "shared",
              "kubernetes.io/role/elb": "1"
            },
            "tags_all": {
              "Environment": "demo",
              "ManagedBy": "terraform",
              "Name": "demo-eks-subnet-a",
              "kubernetes.io/cluster/demo-eks": "shared",
              "kubernetes.io/role/elb": "1"
            },
            "timeouts": null,
            "vpc_id": "vpc-00de5fd61d0ad05a1"
          },
          "sensitive_attributes": [],
          "private": "eyJlMmJmYjczMC1lY2FhLTExZTYtOGY4OC0zNDM2M2JjN2M0YzAiOnsiY3JlYXRlIjo2MDAwMDAwMDAwMDAsImRlbGV0ZSI6MTIwMDAwMDAwMDAwMH0sInNjaGVtYV92ZXJzaW9uIjoiMSJ9",
          "dependencies": [
            "aws_vpc.eks_vpc"
          ]
        }
      ]
    },
    {
      "mode": "managed",
      "type": "aws_subnet",
      "name": "subnet_b",
      "provider": "provider[\"registry.terraform.io/hashicorp/aws\"]",
      "instances": [
        {
          "schema_version": 1,
          "attributes": {
            "arn": "arn:aws:ec2:us-east-1:014709138691:subnet/subnet-077525ef19ccf4a47",
            "assign_ipv6_address_on_creation": false,
            "availability_zone": "us-east-1b",
            "availability_zone_id": "use1-az1",
            "cidr_block": "10.0.2.0/24",
            "customer_owned_ipv4_pool": "",
            "enable_dns64": false,
            "enable_lni_at_device_index": 0,
            "enable_resource_name_dns_a_record_on_launch": false,
            "enable_resource_name_dns_aaaa_record_on_launch": false,
            "id": "subnet-077525ef19ccf4a47",
            "ipv6_cidr_block": "",
            "ipv6_cidr_block_association_id": "",
            "ipv6_native": false,
            "map_customer_owned_ip_on_launch": false,
            "map_public_ip_on_launch": true,
            "outpost_arn": "",
            "owner_id": "014709138691",
            "private_dns_hostname_type_on_launch": "ip-name",
            "tags": {
              "Environment": "demo",
              "ManagedBy": "terraform",
              "Name": "demo-eks-subnet-b",
              "kubernetes.io/cluster/demo-eks": "shared",
              "kubernetes.io/role/elb": "1"
            },
            "tags_all": {
              "Environment": "demo",
              "ManagedBy": "terraform",
              "Name": "demo-eks-subnet-b",
              "kubernetes.io/cluster/demo-eks": "shared",
              "kubernetes.io/role/elb": "1"
            },
            "timeouts": null,
            "vpc_id": "vpc-00de5fd61d0ad05a1"
          },
          "sensitive_attributes": [],
          "private": "eyJlMmJmYjczMC1lY2FhLTExZTYtOGY4OC0zNDM2M2JjN2M0YzAiOnsiY3JlYXRlIjo2MDAwMDAwMDAwMDAsImRlbGV0ZSI6MTIwMDAwMDAwMDAwMH0sInNjaGVtYV92ZXJzaW9uIjoiMSJ9",
          "dependencies": [
            "aws_vpc.eks_vpc"
          ]
        }
      ]
    },
    {
      "mode": "managed",
      "type": "aws_vpc",
      "name": "eks_vpc",
      "provider": "provider[\"registry.terraform.io/hashicorp/aws\"]",
      "instances": [
        {
          "schema_version": 1,
          "attributes": {
            "arn": "arn:aws:ec2:us-east-1:014709138691:vpc/vpc-00de5fd61d0ad05a1",
            "assign_generated_ipv6_cidr_block": false,
            "cidr_block": "10.0.0.0/16",
            "default_network_acl_id": "acl-0c9ab53e62b8240fa",
            "default_route_table_id": "rtb-0a21de38cd7a5f4da",
            "default_security_group_id": "sg-0ed3a15ae183fe8b0",
            "dhcp_options_id": "dopt-07df1a2d1c92fd2c5",
            "enable_dns_hostnames": true,
            "enable_dns_support": true,
            "enable_network_address_usage_metrics": false,
            "id": "vpc-00de5fd61d0ad05a1",
            "instance_tenancy": "default",
            "ipv4_ipam_pool_id": null,
            "ipv4_netmask_length": null,
            "ipv6_association_id": "",
            "ipv6_cidr_block": "",
            "ipv6_cidr_block_network_border_group": "",
            "ipv6_ipam_pool_id": "",
            "ipv6_netmask_length": 0,
            "main_route_table_id": "rtb-0a21de38cd7a5f4da",
            "owner_id": "014709138691",
            "tags": {
              "Environment": "demo",
              "ManagedBy": "terraform",
              "Name": "demo-eks-vpc",
              "kubernetes.io/cluster/demo-eks": "shared"
            },
            "tags_all": {
              "Environment": "demo",
              "ManagedBy": "terraform",
              "Name": "demo-eks-vpc",
              "kubernetes.io/cluster/demo-eks": "shared"
            }
          },
          "sensitive_attributes": [],
          "private": "eyJzY2hlbWFfdmVyc2lvbiI6IjEifQ=="
        }
      ]
    }
  ],
  "check_results": null
}
